
Microsoft Visual Studio Solution File, Format Version 12.00
# Visual Studio 14
VisualStudioVersion = 14.0.25420.1
MinimumVisualStudioVersion = 10.0.40219.1
Project("{FAE04EC0-301F-11D3-BF4B-00C04F79EFBC}") = "JustCoffee", "JustCoffee\JustCoffee\JustCoffee.csproj", "{4ED57AA2-9EA5-4B78-9119-5BAD34634D9E}"
EndProject
Project("{FAE04EC0-301F-11D3-BF4B-00C04F79EFBC}") = "JustCoffee.Droid", "JustCoffee\JustCoffee.Droid\JustCoffee.Droid.csproj", "{D8C75C2D-C1BC-4D34-BB5C-C14519EBFF8C}"
EndProject
Project("{FAE04EC0-301F-11D3-BF4B-00C04F79EFBC}") = "JustCoffee.iOS", "JustCoffee\JustCoffee.iOS\JustCoffee.iOS.csproj", "{12622D13-6439-4665-91BB-40883C0811D2}"
EndProject
Project("{FAE04EC0-301F-11D3-BF4B-00C04F79EFBC}") = "JustCoffee.UWP", "JustCoffee\JustCoffee.UWP\JustCoffee.UWP.csproj", "{807C4057-0DFB-419A-BBA0-7E6875FE2EC1}"
EndProject
Global
	GlobalSection(SolutionConfigurationPlatforms) = preSolution
		Ad-Hoc|Any CPU = Ad-Hoc|Any CPU
		Ad-Hoc|ARM = Ad-Hoc|ARM
		Ad-Hoc|iPhone = Ad-Hoc|iPhone
		Ad-Hoc|iPhoneSimulator = Ad-Hoc|iPhoneSimulator
		Ad-Hoc|x64 = Ad-Hoc|x64
		Ad-Hoc|x86 = Ad-Hoc|x86
		AppStore|Any CPU = AppStore|Any CPU
		AppStore|ARM = AppStore|ARM
		AppStore|iPhone = AppStore|iPhone
		AppStore|iPhoneSimulator = AppStore|iPhoneSimulator
		AppStore|x64 = AppStore|x64
		AppStore|x86 = AppStore|x86
		Debug|Any CPU = Debug|Any CPU
		Debug|ARM = Debug|ARM
		Debug|iPhone = Debug|iPhone
		Debug|iPhoneSimulator = Debug|iPhoneSimulator
		Debug|x64 = Debug|x64
		Debug|x86 = Debug|x86
		Release|Any CPU = Release|Any CPU
		Release|ARM = Release|ARM
		Release|iPhone = Release|iPhone
		Release|iPhoneSimulator = Release|iPhoneSimulator
		Release|x64 = Release|x64
		Release|x86 = Release|x86
	EndGlobalSection
	GlobalSection(ProjectConfigurationPlatforms) = postSolution
		{4ED57AA2-9EA5-4B78-9119-5BAD34634D9E}.Ad-Hoc|Any CPU.ActiveCfg = Release|Any CPU
		{4ED57AA2-9EA5-4B78-9119-5BAD34634D9E}.Ad-Hoc|Any CPU.Build.0 = Release|Any CPU
		{4ED57AA2-9EA5-4B78-9119-5BAD34634D9E}.Ad-Hoc|ARM.ActiveCfg = Release|Any CPU
		{4ED57AA2-9EA5-4B78-9119-5BAD34634D9E}.Ad-Hoc|ARM.Build.0 = Release|Any CPU
		{4ED57AA2-9EA5-4B78-9119-5BAD34634D9E}.Ad-Hoc|iPhone.ActiveCfg = Release|Any CPU
		{4ED57AA2-9EA5-4B78-9119-5BAD34634D9E}.Ad-Hoc|iPhone.Build.0 = Release|Any CPU
		{4ED57AA2-9EA5-4B78-9119-5BAD34634D9E}.Ad-Hoc|iPhoneSimulator.ActiveCfg = Release|Any CPU
		{4ED57AA2-9EA5-4B78-9119-5BAD34634D9E}.Ad-Hoc|iPhoneSimulator.Build.0 = Release|Any CPU
		{4ED57AA2-9EA5-4B78-9119-5BAD34634D9E}.Ad-Hoc|x64.ActiveCfg = Release|Any CPU
		{4ED57AA2-9EA5-4B78-9119-5BAD34634D9E}.Ad-Hoc|x64.Build.0 = Release|Any CPU
		{4ED57AA2-9EA5-4B78-9119-5BAD34634D9E}.Ad-Hoc|x86.ActiveCfg = Release|Any CPU
		{4ED57AA2-9EA5-4B78-9119-5BAD34634D9E}.Ad-Hoc|x86.Build.0 = Release|Any CPU
		{4ED57AA2-9EA5-4B78-9119-5BAD34634D9E}.AppStore|Any CPU.ActiveCfg = Release|Any CPU
		{4ED57AA2-9EA5-4B78-9119-5BAD34634D9E}.AppStore|Any CPU.Build.0 = Release|Any CPU
		{4ED57AA2-9EA5-4B78-9119-5BAD34634D9E}.AppStore|ARM.ActiveCfg = Release|Any CPU
		{4ED57AA2-9EA5-4B78-9119-5BAD34634D9E}.AppStore|ARM.Build.0 = Release|Any CPU
		{4ED57AA2-9EA5-4B78-9119-5BAD34634D9E}.AppStore|iPhone.ActiveCfg = Release|Any CPU
		{4ED57AA2-9EA5-4B78-9119-5BAD34634D9E}.AppStore|iPhone.Build.0 = Release|Any CPU
		{4ED57AA2-9EA5-4B78-9119-5BAD34634D9E}.AppStore|iPhoneSimulator.ActiveCfg = Release|Any CPU
		{4ED57AA2-9EA5-4B78-9119-5BAD34634D9E}.AppStore|iPhoneSimulator.Build.0 = Release|Any CPU
		{4ED57AA2-9EA5-4B78-9119-5BAD34634D9E}.AppStore|x64.ActiveCfg = Release|Any CPU
		{4ED57AA2-9EA5-4B78-9119-5BAD34634D9E}.AppStore|x64.Build.0 = Release|Any CPU
		{4ED57AA2-9EA5-4B78-9119-5BAD34634D9E}.AppStore|x86.ActiveCfg = Release|Any CPU
		{4ED57AA2-9EA5-4B78-9119-5BAD34634D9E}.AppStore|x86.Build.0 = Release|Any CPU
		{4ED57AA2-9EA5-4B78-9119-5BAD34634D9E}.Debug|Any CPU.ActiveCfg = Debug|Any CPU
		{4ED57AA2-9EA5-4B78-9119-5BAD34634D9E}.Debug|Any CPU.Build.0 = Debug|Any CPU
		{4ED57AA2-9EA5-4B78-9119-5BAD34634D9E}.Debug|ARM.ActiveCfg = Debug|Any CPU
		{4ED57AA2-9EA5-4B78-9119-5BAD34634D9E}.Debug|ARM.Build.0 = Debug|Any CPU
		{4ED57AA2-9EA5-4B78-9119-5BAD34634D9E}.Debug|iPhone.ActiveCfg = Debug|Any CPU
		{4ED57AA2-9EA5-4B78-9119-5BAD34634D9E}.Debug|iPhone.Build.0 = Debug|Any CPU
		{4ED57AA2-9EA5-4B78-9119-5BAD34634D9E}.Debug|iPhoneSimulator.ActiveCfg = Debug|Any CPU
		{4ED57AA2-9EA5-4B78-9119-5BAD34634D9E}.Debug|iPhoneSimulator.Build.0 = Debug|Any CPU
		{4ED57AA2-9EA5-4B78-9119-5BAD34634D9E}.Debug|x64.ActiveCfg = Debug|Any CPU
		{4ED57AA2-9EA5-4B78-9119-5BAD34634D9E}.Debug|x64.Build.0 = Debug|Any CPU
		{4ED57AA2-9EA5-4B78-9119-5BAD34634D9E}.Debug|x86.ActiveCfg = Debug|Any CPU
		{4ED57AA2-9EA5-4B78-9119-5BAD34634D9E}.Debug|x86.Build.0 = Debug|Any CPU
		{4ED57AA2-9EA5-4B78-9119-5BAD34634D9E}.Release|Any CPU.ActiveCfg = Release|Any CPU
		{4ED57AA2-9EA5-4B78-9119-5BAD34634D9E}.Release|Any CPU.Build.0 = Release|Any CPU
		{4ED57AA2-9EA5-4B78-9119-5BAD34634D9E}.Release|ARM.ActiveCfg = Release|Any CPU
		{4ED57AA2-9EA5-4B78-9119-5BAD34634D9E}.Release|ARM.Build.0 = Release|Any CPU
		{4ED57AA2-9EA5-4B78-9119-5BAD34634D9E}.Release|iPhone.ActiveCfg = Release|Any CPU
		{4ED57AA2-9EA5-4B78-9119-5BAD34634D9E}.Release|iPhone.Build.0 = Release|Any CPU
		{4ED57AA2-9EA5-4B78-9119-5BAD34634D9E}.Release|iPhoneSimulator.ActiveCfg = Release|Any CPU
		{4ED57AA2-9EA5-4B78-9119-5BAD34634D9E}.Release|iPhoneSimulator.Build.0 = Release|Any CPU
		{4ED57AA2-9EA5-4B78-9119-5BAD34634D9E}.Release|x64.ActiveCfg = Release|Any CPU
		{4ED57AA2-9EA5-4B78-9119-5BAD34634D9E}.Release|x64.Build.0 = Release|Any CPU
		{4ED57AA2-9EA5-4B78-9119-5BAD34634D9E}.Release|x86.ActiveCfg = Release|Any CPU
		{4ED57AA2-9EA5-4B78-9119-5BAD34634D9E}.Release|x86.Build.0 = Release|Any CPU
		{D8C75C2D-C1BC-4D34-BB5C-C14519EBFF8C}.Ad-Hoc|Any CPU.ActiveCfg = Release|Any CPU
		{D8C75C2D-C1BC-4D34-BB5C-C14519EBFF8C}.Ad-Hoc|Any CPU.Build.0 = Release|Any CPU
		{D8C75C2D-C1BC-4D34-BB5C-C14519EBFF8C}.Ad-Hoc|Any CPU.Deploy.0 = Release|Any CPU
		{D8C75C2D-C1BC-4D34-BB5C-C14519EBFF8C}.Ad-Hoc|ARM.ActiveCfg = Release|Any CPU
		{D8C75C2D-C1BC-4D34-BB5C-C14519EBFF8C}.Ad-Hoc|ARM.Build.0 = Release|Any CPU
		{D8C75C2D-C1BC-4D34-BB5C-C14519EBFF8C}.Ad-Hoc|ARM.Deploy.0 = Release|Any CPU
		{D8C75C2D-C1BC-4D34-BB5C-C14519EBFF8C}.Ad-Hoc|iPhone.ActiveCfg = Release|Any CPU
		{D8C75C2D-C1BC-4D34-BB5C-C14519EBFF8C}.Ad-Hoc|iPhone.Build.0 = Release|Any CPU
		{D8C75C2D-C1BC-4D34-BB5C-C14519EBFF8C}.Ad-Hoc|iPhone.Deploy.0 = Release|Any CPU
		{D8C75C2D-C1BC-4D34-BB5C-C14519EBFF8C}.Ad-Hoc|iPhoneSimulator.ActiveCfg = Release|Any CPU
		{D8C75C2D-C1BC-4D34-BB5C-C14519EBFF8C}.Ad-Hoc|iPhoneSimulator.Build.0 = Release|Any CPU
		{D8C75C2D-C1BC-4D34-BB5C-C14519EBFF8C}.Ad-Hoc|iPhoneSimulator.Deploy.0 = Release|Any CPU
		{D8C75C2D-C1BC-4D34-BB5C-C14519EBFF8C}.Ad-Hoc|x64.ActiveCfg = Release|Any CPU
		{D8C75C2D-C1BC-4D34-BB5C-C14519EBFF8C}.Ad-Hoc|x64.Build.0 = Release|Any CPU
		{D8C75C2D-C1BC-4D34-BB5C-C14519EBFF8C}.Ad-Hoc|x64.Deploy.0 = Release|Any CPU
		{D8C75C2D-C1BC-4D34-BB5C-C14519EBFF8C}.Ad-Hoc|x86.ActiveCfg = Release|Any CPU
		{D8C75C2D-C1BC-4D34-BB5C-C14519EBFF8C}.Ad-Hoc|x86.Build.0 = Release|Any CPU
		{D8C75C2D-C1BC-4D34-BB5C-C14519EBFF8C}.Ad-Hoc|x86.Deploy.0 = Release|Any CPU
		{D8C75C2D-C1BC-4D34-BB5C-C14519EBFF8C}.AppStore|Any CPU.ActiveCfg = Release|Any CPU
		{D8C75C2D-C1BC-4D34-BB5C-C14519EBFF8C}.AppStore|Any CPU.Build.0 = Release|Any CPU
		{D8C75C2D-C1BC-4D34-BB5C-C14519EBFF8C}.AppStore|Any CPU.Deploy.0 = Release|Any CPU
		{D8C75C2D-C1BC-4D34-BB5C-C14519EBFF8C}.AppStore|ARM.ActiveCfg = Release|Any CPU
		{D8C75C2D-C1BC-4D34-BB5C-C14519EBFF8C}.AppStore|ARM.Build.0 = Release|Any CPU
		{D8C75C2D-C1BC-4D34-BB5C-C14519EBFF8C}.AppStore|ARM.Deploy.0 = Release|Any CPU
		{D8C75C2D-C1BC-4D34-BB5C-C14519EBFF8C}.AppStore|iPhone.ActiveCfg = Release|Any CPU
		{D8C75C2D-C1BC-4D34-BB5C-C14519EBFF8C}.AppStore|iPhone.Build.0 = Release|Any CPU
		{D8C75C2D-C1BC-4D34-BB5C-C14519EBFF8C}.AppStore|iPhone.Deploy.0 = Release|Any CPU
		{D8C75C2D-C1BC-4D34-BB5C-C14519EBFF8C}.AppStore|iPhoneSimulator.ActiveCfg = Release|Any CPU
		{D8C75C2D-C1BC-4D34-BB5C-C14519EBFF8C}.AppStore|iPhoneSimulator.Build.0 = Release|Any CPU
		{D8C75C2D-C1BC-4D34-BB5C-C14519EBFF8C}.AppStore|iPhoneSimulator.Deploy.0 = Release|Any CPU
		{D8C75C2D-C1BC-4D34-BB5C-C14519EBFF8C}.AppStore|x64.ActiveCfg = Release|Any CPU
		{D8C75C2D-C1BC-4D34-BB5C-C14519EBFF8C}.AppStore|x64.Build.0 = Release|Any CPU
		{D8C75C2D-C1BC-4D34-BB5C-C14519EBFF8C}.AppStore|x64.Deploy.0 = Release|Any CPU
		{D8C75C2D-C1BC-4D34-BB5C-C14519EBFF8C}.AppStore|x86.ActiveCfg = Release|Any CPU
		{D8C75C2D-C1BC-4D34-BB5C-C14519EBFF8C}.AppStore|x86.Build.0 = Release|Any CPU
		{D8C75C2D-C1BC-4D34-BB5C-C14519EBFF8C}.AppStore|x86.Deploy.0 = Release|Any CPU
		{D8C75C2D-C1BC-4D34-BB5C-C14519EBFF8C}.Debug|Any CPU.ActiveCfg = Debug|Any CPU
		{D8C75C2D-C1BC-4D34-BB5C-C14519EBFF8C}.Debug|Any CPU.Build.0 = Debug|Any CPU
		{D8C75C2D-C1BC-4D34-BB5C-C14519EBFF8C}.Debug|Any CPU.Deploy.0 = Debug|Any CPU
		{D8C75C2D-C1BC-4D34-BB5C-C14519EBFF8C}.Debug|ARM.ActiveCfg = Debug|Any CPU
		{D8C75C2D-C1BC-4D34-BB5C-C14519EBFF8C}.Debug|ARM.Build.0 = Debug|Any CPU
		{D8C75C2D-C1BC-4D34-BB5C-C14519EBFF8C}.Debug|ARM.Deploy.0 = Debug|Any CPU
		{D8C75C2D-C1BC-4D34-BB5C-C14519EBFF8C}.Debug|iPhone.ActiveCfg = Debug|Any CPU
		{D8C75C2D-C1BC-4D34-BB5C-C14519EBFF8C}.Debug|iPhone.Build.0 = Debug|Any CPU
		{D8C75C2D-C1BC-4D34-BB5C-C14519EBFF8C}.Debug|iPhone.Deploy.0 = Debug|Any CPU
		{D8C75C2D-C1BC-4D34-BB5C-C14519EBFF8C}.Debug|iPhoneSimulator.ActiveCfg = Debug|Any CPU
		{D8C75C2D-C1BC-4D34-BB5C-C14519EBFF8C}.Debug|iPhoneSimulator.Build.0 = Debug|Any CPU
		{D8C75C2D-C1BC-4D34-BB5C-C14519EBFF8C}.Debug|iPhoneSimulator.Deploy.0 = Debug|Any CPU
		{D8C75C2D-C1BC-4D34-BB5C-C14519EBFF8C}.Debug|x64.ActiveCfg = Debug|Any CPU
		{D8C75C2D-C1BC-4D34-BB5C-C14519EBFF8C}.Debug|x64.Build.0 = Debug|Any CPU
		{D8C75C2D-C1BC-4D34-BB5C-C14519EBFF8C}.Debug|x64.Deploy.0 = Debug|Any CPU
		{D8C75C2D-C1BC-4D34-BB5C-C14519EBFF8C}.Debug|x86.ActiveCfg = Debug|Any CPU
		{D8C75C2D-C1BC-4D34-BB5C-C14519EBFF8C}.Debug|x86.Build.0 = Debug|Any CPU
		{D8C75C2D-C1BC-4D34-BB5C-C14519EBFF8C}.Debug|x86.Deploy.0 = Debug|Any CPU
		{D8C75C2D-C1BC-4D34-BB5C-C14519EBFF8C}.Release|Any CPU.ActiveCfg = Release|Any CPU
		{D8C75C2D-C1BC-4D34-BB5C-C14519EBFF8C}.Release|Any CPU.Build.0 = Release|Any CPU
		{D8C75C2D-C1BC-4D34-BB5C-C14519EBFF8C}.Release|Any CPU.Deploy.0 = Release|Any CPU
		{D8C75C2D-C1BC-4D34-BB5C-C14519EBFF8C}.Release|ARM.ActiveCfg = Release|Any CPU
		{D8C75C2D-C1BC-4D34-BB5C-C14519EBFF8C}.Release|ARM.Build.0 = Release|Any CPU
		{D8C75C2D-C1BC-4D34-BB5C-C14519EBFF8C}.Release|ARM.Deploy.0 = Release|Any CPU
		{D8C75C2D-C1BC-4D34-BB5C-C14519EBFF8C}.Release|iPhone.ActiveCfg = Release|Any CPU
		{D8C75C2D-C1BC-4D34-BB5C-C14519EBFF8C}.Release|iPhone.Build.0 = Release|Any CPU
		{D8C75C2D-C1BC-4D34-BB5C-C14519EBFF8C}.Release|iPhone.Deploy.0 = Release|Any CPU
		{D8C75C2D-C1BC-4D34-BB5C-C14519EBFF8C}.Release|iPhoneSimulator.ActiveCfg = Release|Any CPU
		{D8C75C2D-C1BC-4D34-BB5C-C14519EBFF8C}.Release|iPhoneSimulator.Build.0 = Release|Any CPU
		{D8C75C2D-C1BC-4D34-BB5C-C14519EBFF8C}.Release|iPhoneSimulator.Deploy.0 = Release|Any CPU
		{D8C75C2D-C1BC-4D34-BB5C-C14519EBFF8C}.Release|x64.ActiveCfg = Release|Any CPU
		{D8C75C2D-C1BC-4D34-BB5C-C14519EBFF8C}.Release|x64.Build.0 = Release|Any CPU
		{D8C75C2D-C1BC-4D34-BB5C-C14519EBFF8C}.Release|x64.Deploy.0 = Release|Any CPU
		{D8C75C2D-C1BC-4D34-BB5C-C14519EBFF8C}.Release|x86.ActiveCfg = Release|Any CPU
		{D8C75C2D-C1BC-4D34-BB5C-C14519EBFF8C}.Release|x86.Build.0 = Release|Any CPU
		{D8C75C2D-C1BC-4D34-BB5C-C14519EBFF8C}.Release|x86.Deploy.0 = Release|Any CPU
		{12622D13-6439-4665-91BB-40883C0811D2}.Ad-Hoc|Any CPU.ActiveCfg = Ad-Hoc|iPhone
		{12622D13-6439-4665-91BB-40883C0811D2}.Ad-Hoc|ARM.ActiveCfg = Ad-Hoc|iPhone
		{12622D13-6439-4665-91BB-40883C0811D2}.Ad-Hoc|iPhone.ActiveCfg = Ad-Hoc|iPhone
		{12622D13-6439-4665-91BB-40883C0811D2}.Ad-Hoc|iPhone.Build.0 = Ad-Hoc|iPhone
		{12622D13-6439-4665-91BB-40883C0811D2}.Ad-Hoc|iPhoneSimulator.ActiveCfg = Ad-Hoc|iPhoneSimulator
		{12622D13-6439-4665-91BB-40883C0811D2}.Ad-Hoc|iPhoneSimulator.Build.0 = Ad-Hoc|iPhoneSimulator
		{12622D13-6439-4665-91BB-40883C0811D2}.Ad-Hoc|x64.ActiveCfg = Ad-Hoc|iPhone
		{12622D13-6439-4665-91BB-40883C0811D2}.Ad-Hoc|x86.ActiveCfg = Ad-Hoc|iPhone
		{12622D13-6439-4665-91BB-40883C0811D2}.AppStore|Any CPU.ActiveCfg = AppStore|iPhone
		{12622D13-6439-4665-91BB-40883C0811D2}.AppStore|ARM.ActiveCfg = AppStore|iPhone
		{12622D13-6439-4665-91BB-40883C0811D2}.AppStore|iPhone.ActiveCfg = AppStore|iPhone
		{12622D13-6439-4665-91BB-40883C0811D2}.AppStore|iPhone.Build.0 = AppStore|iPhone
		{12622D13-6439-4665-91BB-40883C0811D2}.AppStore|iPhoneSimulator.ActiveCfg = AppStore|iPhoneSimulator
		{12622D13-6439-4665-91BB-40883C0811D2}.AppStore|iPhoneSimulator.Build.0 = AppStore|iPhoneSimulator
		{12622D13-6439-4665-91BB-40883C0811D2}.AppStore|x64.ActiveCfg = AppStore|iPhone
		{12622D13-6439-4665-91BB-40883C0811D2}.AppStore|x86.ActiveCfg = AppStore|iPhone
		{12622D13-6439-4665-91BB-40883C0811D2}.Debug|Any CPU.ActiveCfg = Debug|iPhone
		{12622D13-6439-4665-91BB-40883C0811D2}.Debug|ARM.ActiveCfg = Debug|iPhone
		{12622D13-6439-4665-91BB-40883C0811D2}.Debug|iPhone.ActiveCfg = Debug|iPhone
		{12622D13-6439-4665-91BB-40883C0811D2}.Debug|iPhone.Build.0 = Debug|iPhone
		{12622D13-6439-4665-91BB-40883C0811D2}.Debug|iPhoneSimulator.ActiveCfg = Debug|iPhoneSimulator
		{12622D13-6439-4665-91BB-40883C0811D2}.Debug|iPhoneSimulator.Build.0 = Debug|iPhoneSimulator
		{12622D13-6439-4665-91BB-40883C0811D2}.Debug|x64.ActiveCfg = Debug|iPhone
		{12622D13-6439-4665-91BB-40883C0811D2}.Debug|x86.ActiveCfg = Debug|iPhone
		{12622D13-6439-4665-91BB-40883C0811D2}.Release|Any CPU.ActiveCfg = Release|iPhone
		{12622D13-6439-4665-91BB-40883C0811D2}.Release|ARM.ActiveCfg = Release|iPhone
		{12622D13-6439-4665-91BB-40883C0811D2}.Release|iPhone.ActiveCfg = Release|iPhone
		{12622D13-6439-4665-91BB-40883C0811D2}.Release|iPhone.Build.0 = Release|iPhone
		{12622D13-6439-4665-91BB-40883C0811D2}.Release|iPhoneSimulator.ActiveCfg = Release|iPhoneSimulator
		{12622D13-6439-4665-91BB-40883C0811D2}.Release|iPhoneSimulator.Build.0 = Release|iPhoneSimulator
		{12622D13-6439-4665-91BB-40883C0811D2}.Release|x64.ActiveCfg = Release|iPhone
		{12622D13-6439-4665-91BB-40883C0811D2}.Release|x86.ActiveCfg = Release|iPhone
		{807C4057-0DFB-419A-BBA0-7E6875FE2EC1}.Ad-Hoc|Any CPU.ActiveCfg = Release|x86
		{807C4057-0DFB-419A-BBA0-7E6875FE2EC1}.Ad-Hoc|Any CPU.Build.0 = Release|x86
		{807C4057-0DFB-419A-BBA0-7E6875FE2EC1}.Ad-Hoc|Any CPU.Deploy.0 = Release|x86
		{807C4057-0DFB-419A-BBA0-7E6875FE2EC1}.Ad-Hoc|ARM.ActiveCfg = Release|ARM
		{807C4057-0DFB-419A-BBA0-7E6875FE2EC1}.Ad-Hoc|ARM.Build.0 = Release|ARM
		{807C4057-0DFB-419A-BBA0-7E6875FE2EC1}.Ad-Hoc|ARM.Deploy.0 = Release|ARM
		{807C4057-0DFB-419A-BBA0-7E6875FE2EC1}.Ad-Hoc|iPhone.ActiveCfg = Release|x86
		{807C4057-0DFB-419A-BBA0-7E6875FE2EC1}.Ad-Hoc|iPhone.Build.0 = Release|x86
		{807C4057-0DFB-419A-BBA0-7E6875FE2EC1}.Ad-Hoc|iPhone.Deploy.0 = Release|x86
		{807C4057-0DFB-419A-BBA0-7E6875FE2EC1}.Ad-Hoc|iPhoneSimulator.ActiveCfg = Release|x86
		{807C4057-0DFB-419A-BBA0-7E6875FE2EC1}.Ad-Hoc|iPhoneSimulator.Build.0 = Release|x86
		{807C4057-0DFB-419A-BBA0-7E6875FE2EC1}.Ad-Hoc|iPhoneSimulator.Deploy.0 = Release|x86
		{807C4057-0DFB-419A-BBA0-7E6875FE2EC1}.Ad-Hoc|x64.ActiveCfg = Release|x64
		{807C4057-0DFB-419A-BBA0-7E6875FE2EC1}.Ad-Hoc|x64.Build.0 = Release|x64
		{807C4057-0DFB-419A-BBA0-7E6875FE2EC1}.Ad-Hoc|x64.Deploy.0 = Release|x64
		{807C4057-0DFB-419A-BBA0-7E6875FE2EC1}.Ad-Hoc|x86.ActiveCfg = Release|x86
		{807C4057-0DFB-419A-BBA0-7E6875FE2EC1}.Ad-Hoc|x86.Build.0 = Release|x86
		{807C4057-0DFB-419A-BBA0-7E6875FE2EC1}.Ad-Hoc|x86.Deploy.0 = Release|x86
		{807C4057-0DFB-419A-BBA0-7E6875FE2EC1}.AppStore|Any CPU.ActiveCfg = Release|x86
		{807C4057-0DFB-419A-BBA0-7E6875FE2EC1}.AppStore|Any CPU.Build.0 = Release|x86
		{807C4057-0DFB-419A-BBA0-7E6875FE2EC1}.AppStore|Any CPU.Deploy.0 = Release|x86
		{807C4057-0DFB-419A-BBA0-7E6875FE2EC1}.AppStore|ARM.ActiveCfg = Release|ARM
		{807C4057-0DFB-419A-BBA0-7E6875FE2EC1}.AppStore|ARM.Build.0 = Release|ARM
		{807C4057-0DFB-419A-BBA0-7E6875FE2EC1}.AppStore|ARM.Deploy.0 = Release|ARM
		{807C4057-0DFB-419A-BBA0-7E6875FE2EC1}.AppStore|iPhone.ActiveCfg = Release|x86
		{807C4057-0DFB-419A-BBA0-7E6875FE2EC1}.AppStore|iPhone.Build.0 = Release|x86
		{807C4057-0DFB-419A-BBA0-7E6875FE2EC1}.AppStore|iPhone.Deploy.0 = Release|x86
		{807C4057-0DFB-419A-BBA0-7E6875FE2EC1}.AppStore|iPhoneSimulator.ActiveCfg = Release|x86
		{807C4057-0DFB-419A-BBA0-7E6875FE2EC1}.AppStore|iPhoneSimulator.Build.0 = Release|x86
		{807C4057-0DFB-419A-BBA0-7E6875FE2EC1}.AppStore|iPhoneSimulator.Deploy.0 = Release|x86
		{807C4057-0DFB-419A-BBA0-7E6875FE2EC1}.AppStore|x64.ActiveCfg = Release|x64
		{807C4057-0DFB-419A-BBA0-7E6875FE2EC1}.AppStore|x64.Build.0 = Release|x64
		{807C4057-0DFB-419A-BBA0-7E6875FE2EC1}.AppStore|x64.Deploy.0 = Release|x64
		{807C4057-0DFB-419A-BBA0-7E6875FE2EC1}.AppStore|x86.ActiveCfg = Release|x86
		{807C4057-0DFB-419A-BBA0-7E6875FE2EC1}.AppStore|x86.Build.0 = Release|x86
		{807C4057-0DFB-419A-BBA0-7E6875FE2EC1}.AppStore|x86.Deploy.0 = Release|x86
		{807C4057-0DFB-419A-BBA0-7E6875FE2EC1}.Debug|Any CPU.ActiveCfg = Debug|x86
		{807C4057-0DFB-419A-BBA0-7E6875FE2EC1}.Debug|ARM.ActiveCfg = Debug|ARM
		{807C4057-0DFB-419A-BBA0-7E6875FE2EC1}.Debug|ARM.Build.0 = Debug|ARM
		{807C4057-0DFB-419A-BBA0-7E6875FE2EC1}.Debug|ARM.Deploy.0 = Debug|ARM
		{807C4057-0DFB-419A-BBA0-7E6875FE2EC1}.Debug|iPhone.ActiveCfg = Debug|x86
		{807C4057-0DFB-419A-BBA0-7E6875FE2EC1}.Debug|iPhoneSimulator.ActiveCfg = Debug|x86
		{807C4057-0DFB-419A-BBA0-7E6875FE2EC1}.Debug|x64.ActiveCfg = Debug|x64
		{807C4057-0DFB-419A-BBA0-7E6875FE2EC1}.Debug|x64.Build.0 = Debug|x64
		{807C4057-0DFB-419A-BBA0-7E6875FE2EC1}.Debug|x64.Deploy.0 = Debug|x64
		{807C4057-0DFB-419A-BBA0-7E6875FE2EC1}.Debug|x86.ActiveCfg = Debug|x86
		{807C4057-0DFB-419A-BBA0-7E6875FE2EC1}.Debug|x86.Build.0 = Debug|x86
		{807C4057-0DFB-419A-BBA0-7E6875FE2EC1}.Debug|x86.Deploy.0 = Debug|x86
		{807C4057-0DFB-419A-BBA0-7E6875FE2EC1}.Release|Any CPU.ActiveCfg = Release|x86
		{807C4057-0DFB-419A-BBA0-7E6875FE2EC1}.Release|ARM.ActiveCfg = Release|ARM
		{807C4057-0DFB-419A-BBA0-7E6875FE2EC1}.Release|ARM.Build.0 = Release|ARM
		{807C4057-0DFB-419A-BBA0-7E6875FE2EC1}.Release|ARM.Deploy.0 = Release|ARM
		{807C4057-0DFB-419A-BBA0-7E6875FE2EC1}.Release|iPhone.ActiveCfg = Release|x86
		{807C4057-0DFB-419A-BBA0-7E6875FE2EC1}.Release|iPhoneSimulator.ActiveCfg = Release|x86
		{807C4057-0DFB-419A-BBA0-7E6875FE2EC1}.Release|x64.ActiveCfg = Release|x64
		{807C4057-0DFB-419A-BBA0-7E6875FE2EC1}.Release|x64.Build.0 = Release|x64
		{807C4057-0DFB-419A-BBA0-7E6875FE2EC1}.Release|x64.Deploy.0 = Release|x64
		{807C4057-0DFB-419A-BBA0-7E6875FE2EC1}.Release|x86.ActiveCfg = Release|x86
		{807C4057-0DFB-419A-BBA0-7E6875FE2EC1}.Release|x86.Build.0 = Release|x86
		{807C4057-0DFB-419A-BBA0-7E6875FE2EC1}.Release|x86.Deploy.0 = Release|x86
	EndGlobalSection
	GlobalSection(SolutionProperties) = preSolution
		HideSolutionNode = FALSE
	EndGlobalSection
EndGlobal
